
Microsoft Visual Studio Solution File, Format Version 12.00
# Visual Studio Version 16
VisualStudioVersion = 16.0.30114.105
MinimumVisualStudioVersion = 10.0.40219.1
Project("{FAE04EC0-301F-11D3-BF4B-00C04F79EFBC}") = "Shoestore", "Shoestore.mvc\shoestore.csproj", "{B9631FC0-2385-48D1-BED0-DDBBB722CFAE}"
EndProject
Global
	GlobalSection(SolutionConfigurationPlatforms) = preSolution
		Debug|Any CPU = Debug|Any CPU
		Release|Any CPU = Release|Any CPU
	EndGlobalSection
	GlobalSection(SolutionProperties) = preSolution
		HideSolutionNode = FALSE
	EndGlobalSection
	GlobalSection(ProjectConfigurationPlatforms) = postSolution
		{B9631FC0-2385-48D1-BED0-DDBBB722CFAE}.Debug|Any CPU.ActiveCfg = Debug|Any CPU
		{B9631FC0-2385-48D1-BED0-DDBBB722CFAE}.Debug|Any CPU.Build.0 = Debug|Any CPU
		{B9631FC0-2385-48D1-BED0-DDBBB722CFAE}.Release|Any CPU.ActiveCfg = Release|Any CPU
		{B9631FC0-2385-48D1-BED0-DDBBB722CFAE}.Release|Any CPU.Build.0 = Release|Any CPU
	EndGlobalSection
EndGlobal
